
Microsoft Visual Studio Solution File, Format Version 12.00
# Visual Studio Version 16
VisualStudioVersion = 16.0.30204.135
MinimumVisualStudioVersion = 10.0.40219.1
Project("{8BC9CEB8-8B4A-11D0-8D11-00A0C91BC942}") = "leetcode4", "leetcode4\leetcode4.vcxproj", "{099C588F-E2B5-4539-970B-F864C624C796}"
EndProject
Global
	GlobalSection(SolutionConfigurationPlatforms) = preSolution
		Debug|x64 = Debug|x64
		Debug|x86 = Debug|x86
		Release|x64 = Release|x64
		Release|x86 = Release|x86
	EndGlobalSection
	GlobalSection(ProjectConfigurationPlatforms) = postSolution
		{099C588F-E2B5-4539-970B-F864C624C796}.Debug|x64.ActiveCfg = Debug|x64
		{099C588F-E2B5-4539-970B-F864C624C796}.Debug|x64.Build.0 = Debug|x64
		{099C588F-E2B5-4539-970B-F864C624C796}.Debug|x86.ActiveCfg = Debug|Win32
		{099C588F-E2B5-4539-970B-F864C624C796}.Debug|x86.Build.0 = Debug|Win32
		{099C588F-E2B5-4539-970B-F864C624C796}.Release|x64.ActiveCfg = Release|x64
		{099C588F-E2B5-4539-970B-F864C624C796}.Release|x64.Build.0 = Release|x64
		{099C588F-E2B5-4539-970B-F864C624C796}.Release|x86.ActiveCfg = Release|Win32
		{099C588F-E2B5-4539-970B-F864C624C796}.Release|x86.Build.0 = Release|Win32
	EndGlobalSection
	GlobalSection(SolutionProperties) = preSolution
		HideSolutionNode = FALSE
	EndGlobalSection
	GlobalSection(ExtensibilityGlobals) = postSolution
		SolutionGuid = {BC829202-2C20-4C06-8709-9D920AC6ED76}
	EndGlobalSection
EndGlobal
